DEPENDENCIES
  compat_resource (~> 12.19.0)
  docker (~> 2.15)
  docker_compose
    git: https://github.com/teracyhq-incubator/chef-cookbook-docker_compose.git
    revision: 9d73b645ada28a0aa4dbdc7dbd392ce83050d910
    tag: v0.2.0
  magic_shell (~> 1.0)
  vim (~> 2.0)

GRAPH
  compat_resource (12.19.1)
  docker (2.17.0)
  docker_compose (0.2.0)
  magic_shell (1.0.0)
  vim (2.1.0)
